<?xml version="1.0" encoding="utf-8"?>
<Project ToolsVersion="4.0" xmlns="http://schemas.microsoft.com/developer/msbuild/2003">
  <ItemGroup>
    <Filter Include="Source Files">
      <UniqueIdentifier>{4FC737F1-C7A5-4376-A066-2A32D752A2FF}</UniqueIdentifier>
      <Extensions>cpp;c;cc;cxx;def;odl;idl;hpj;bat;asm;asmx</Extensions>
    </Filter>
    <Filter Include="Header Files">
      <UniqueIdentifier>{93995380-89BD-4b04-88EB-625FBE52EBFB}</UniqueIdentifier>
      <Extensions>h;hpp;hxx;hm;inl;inc;xsd</Extensions>
    </Filter>
    <Filter Include="Driver Files">
      <UniqueIdentifier>{8E41214B-6785-4CFE-B992-037D68949A14}</UniqueIdentifier>
      <Extensions>inf;inv;inx;mof;mc;</Extensions>
    </Filter>
    <Filter Include="llhttp">
      <UniqueIdentifier>{02d329ad-54d7-4337-a65b-ddbc3285c4df}</UniqueIdentifier>
    </Filter>
    <Filter Include="llhttp\include">
      <UniqueIdentifier>{205a8284-8ddd-4b80-a402-8da2ca591604}</UniqueIdentifier>
    </Filter>
    <Filter Include="llhttp\src">
      <UniqueIdentifier>{613c56d9-ec3c-4c74-812c-c95dccfe0928}</UniqueIdentifier>
    </Filter>
    <Filter Include="HTTP_Parser">
      <UniqueIdentifier>{4dd54a99-01eb-4497-a131-07e3b879958d}</UniqueIdentifier>
    </Filter>
    <Filter Include="HTTP_Parser\include">
      <UniqueIdentifier>{628cda60-864d-4e2a-8780-03d0524cf02f}</UniqueIdentifier>
    </Filter>
    <Filter Include="HTTP_Parser\src">
      <UniqueIdentifier>{d84f330d-bc73-4716-8782-774fee98c5ea}</UniqueIdentifier>
    </Filter>
  </ItemGroup>
  <ItemGroup>
    <ClCompile Include="Main.c">
      <Filter>Source Files</Filter>
    </ClCompile>
    <ClCompile Include="WskSocket.c">
      <Filter>Source Files</Filter>
    </ClCompile>
    <ClCompile Include="MD5.c">
      <Filter>Source Files</Filter>
    </ClCompile>
    <ClCompile Include="llhttp\src\api.c">
      <Filter>llhttp\src</Filter>
    </ClCompile>
    <ClCompile Include="llhttp\src\http.c">
      <Filter>llhttp\src</Filter>
    </ClCompile>
    <ClCompile Include="llhttp\src\llhttp.c">
      <Filter>llhttp\src</Filter>
    </ClCompile>
    <ClCompile Include="HTTP_Parser\src\http_parser.c">
      <Filter>HTTP_Parser\src</Filter>
    </ClCompile>
  </ItemGroup>
  <ItemGroup>
    <ClInclude Include="WskSocket.h">
      <Filter>Header Files</Filter>
    </ClInclude>
    <ClInclude Include="MD5.h">
      <Filter>Header Files</Filter>
    </ClInclude>
    <ClInclude Include="llhttp\include\llhttp.h">
      <Filter>llhttp\include</Filter>
    </ClInclude>
    <ClInclude Include="HTTP_Parser\include\http_parser.h">
      <Filter>HTTP_Parser\include</Filter>
    </ClInclude>
  </ItemGroup>
</Project>